
Microsoft Visual Studio Solution File, Format Version 12.00
# Visual Studio Version 16
VisualStudioVersion = 16.0.30804.86
MinimumVisualStudioVersion = 10.0.40219.1
Project("{FAE04EC0-301F-11D3-BF4B-00C04F79EFBC}") = "my-books", "my-books.csproj", "{A914052E-003A-435E-9732-DC258826DF0A}"
EndProject
Global
	GlobalSection(SolutionConfigurationPlatforms) = preSolution
		Debug|Any CPU = Debug|Any CPU
		Release|Any CPU = Release|Any CPU
	EndGlobalSection
	GlobalSection(ProjectConfigurationPlatforms) = postSolution
		{A914052E-003A-435E-9732-DC258826DF0A}.Debug|Any CPU.ActiveCfg = Debug|Any CPU
		{A914052E-003A-435E-9732-DC258826DF0A}.Debug|Any CPU.Build.0 = Debug|Any CPU
		{A914052E-003A-435E-9732-DC258826DF0A}.Release|Any CPU.ActiveCfg = Release|Any CPU
		{A914052E-003A-435E-9732-DC258826DF0A}.Release|Any CPU.Build.0 = Release|Any CPU
	EndGlobalSection
	GlobalSection(SolutionProperties) = preSolution
		HideSolutionNode = FALSE
	EndGlobalSection
	GlobalSection(ExtensibilityGlobals) = postSolution
		SolutionGuid = {AAD138D2-ECA0-47C8-ACFA-0278D9466981}
	EndGlobalSection
EndGlobal
